
Microsoft Visual Studio Solution File, Format Version 12.00
# Visual Studio Version 16
VisualStudioVersion = 16.0.30011.22
MinimumVisualStudioVersion = 10.0.40219.1
Project("{FAE04EC0-301F-11D3-BF4B-00C04F79EFBC}") = "CODSharp", "CODSharp\CODSharp.csproj", "{DA5B17CC-5AFA-4E94-8992-55236689896C}"
EndProject
Project("{FAE04EC0-301F-11D3-BF4B-00C04F79EFBC}") = "CodSharpTests", "CodSharpTests\CodSharpTests.csproj", "{C9B0CB9F-CAA2-47EE-80CF-F500F79BD7B1}"
EndProject
Project("{FAE04EC0-301F-11D3-BF4B-00C04F79EFBC}") = "CODSharpCLI", "CODSharpCLI\CODSharpCLI.csproj", "{8D6088E3-E11C-4A26-9437-438D602D0F71}"
EndProject
Global
	GlobalSection(SolutionConfigurationPlatforms) = preSolution
		Debug|Any CPU = Debug|Any CPU
		Release|Any CPU = Release|Any CPU
	EndGlobalSection
	GlobalSection(ProjectConfigurationPlatforms) = postSolution
		{DA5B17CC-5AFA-4E94-8992-55236689896C}.Debug|Any CPU.ActiveCfg = Debug|Any CPU
		{DA5B17CC-5AFA-4E94-8992-55236689896C}.Debug|Any CPU.Build.0 = Debug|Any CPU
		{DA5B17CC-5AFA-4E94-8992-55236689896C}.Release|Any CPU.ActiveCfg = Release|Any CPU
		{DA5B17CC-5AFA-4E94-8992-55236689896C}.Release|Any CPU.Build.0 = Release|Any CPU
		{C9B0CB9F-CAA2-47EE-80CF-F500F79BD7B1}.Debug|Any CPU.ActiveCfg = Debug|Any CPU
		{C9B0CB9F-CAA2-47EE-80CF-F500F79BD7B1}.Debug|Any CPU.Build.0 = Debug|Any CPU
		{C9B0CB9F-CAA2-47EE-80CF-F500F79BD7B1}.Release|Any CPU.ActiveCfg = Release|Any CPU
		{C9B0CB9F-CAA2-47EE-80CF-F500F79BD7B1}.Release|Any CPU.Build.0 = Release|Any CPU
		{8D6088E3-E11C-4A26-9437-438D602D0F71}.Debug|Any CPU.ActiveCfg = Debug|Any CPU
		{8D6088E3-E11C-4A26-9437-438D602D0F71}.Debug|Any CPU.Build.0 = Debug|Any CPU
		{8D6088E3-E11C-4A26-9437-438D602D0F71}.Release|Any CPU.ActiveCfg = Release|Any CPU
		{8D6088E3-E11C-4A26-9437-438D602D0F71}.Release|Any CPU.Build.0 = Release|Any CPU
	EndGlobalSection
	GlobalSection(SolutionProperties) = preSolution
		HideSolutionNode = FALSE
	EndGlobalSection
	GlobalSection(ExtensibilityGlobals) = postSolution
		SolutionGuid = {FB04EF48-6BB1-43AD-A381-2E2FEF61B7EB}
	EndGlobalSection
EndGlobal
